
Microsoft Visual Studio Solution File, Format Version 12.00
# Visual Studio Version 17
VisualStudioVersion = 17.0.31903.59
MinimumVisualStudioVersion = 10.0.40219.1
Project("{FAE04EC0-301F-11D3-BF4B-00C04F79EFBC}") = "API", "API\API.csproj", "{157FC4A7-0674-4D9F-B547-BCB923BF3215}"
EndProject
Project("{FAE04EC0-301F-11D3-BF4B-00C04F79EFBC}") = "Domain", "Domain\Domain.csproj", "{DA4BF624-C310-4D2C-B0D9-F0F864FBEB12}"
EndProject
Project("{FAE04EC0-301F-11D3-BF4B-00C04F79EFBC}") = "Persistence", "Persistence\Persistence.csproj", "{F3DAABC5-6F1A-4EF5-AEEA-08CE9E1F2425}"
EndProject
Project("{FAE04EC0-301F-11D3-BF4B-00C04F79EFBC}") = "Application", "Application\Application.csproj", "{95085949-F9C0-4174-8B8A-53F55354E25E}"
EndProject
Global
	GlobalSection(SolutionConfigurationPlatforms) = preSolution
		Debug|Any CPU = Debug|Any CPU
		Debug|x64 = Debug|x64
		Debug|x86 = Debug|x86
		Release|Any CPU = Release|Any CPU
		Release|x64 = Release|x64
		Release|x86 = Release|x86
	EndGlobalSection
	GlobalSection(ProjectConfigurationPlatforms) = postSolution
		{157FC4A7-0674-4D9F-B547-BCB923BF3215}.Debug|Any CPU.ActiveCfg = Debug|Any CPU
		{157FC4A7-0674-4D9F-B547-BCB923BF3215}.Debug|Any CPU.Build.0 = Debug|Any CPU
		{157FC4A7-0674-4D9F-B547-BCB923BF3215}.Debug|x64.ActiveCfg = Debug|Any CPU
		{157FC4A7-0674-4D9F-B547-BCB923BF3215}.Debug|x64.Build.0 = Debug|Any CPU
		{157FC4A7-0674-4D9F-B547-BCB923BF3215}.Debug|x86.ActiveCfg = Debug|Any CPU
		{157FC4A7-0674-4D9F-B547-BCB923BF3215}.Debug|x86.Build.0 = Debug|Any CPU
		{157FC4A7-0674-4D9F-B547-BCB923BF3215}.Release|Any CPU.ActiveCfg = Release|Any CPU
		{157FC4A7-0674-4D9F-B547-BCB923BF3215}.Release|Any CPU.Build.0 = Release|Any CPU
		{157FC4A7-0674-4D9F-B547-BCB923BF3215}.Release|x64.ActiveCfg = Release|Any CPU
		{157FC4A7-0674-4D9F-B547-BCB923BF3215}.Release|x64.Build.0 = Release|Any CPU
		{157FC4A7-0674-4D9F-B547-BCB923BF3215}.Release|x86.ActiveCfg = Release|Any CPU
		{157FC4A7-0674-4D9F-B547-BCB923BF3215}.Release|x86.Build.0 = Release|Any CPU
		{DA4BF624-C310-4D2C-B0D9-F0F864FBEB12}.Debug|Any CPU.ActiveCfg = Debug|Any CPU
		{DA4BF624-C310-4D2C-B0D9-F0F864FBEB12}.Debug|Any CPU.Build.0 = Debug|Any CPU
		{DA4BF624-C310-4D2C-B0D9-F0F864FBEB12}.Debug|x64.ActiveCfg = Debug|Any CPU
		{DA4BF624-C310-4D2C-B0D9-F0F864FBEB12}.Debug|x64.Build.0 = Debug|Any CPU
		{DA4BF624-C310-4D2C-B0D9-F0F864FBEB12}.Debug|x86.ActiveCfg = Debug|Any CPU
		{DA4BF624-C310-4D2C-B0D9-F0F864FBEB12}.Debug|x86.Build.0 = Debug|Any CPU
		{DA4BF624-C310-4D2C-B0D9-F0F864FBEB12}.Release|Any CPU.ActiveCfg = Release|Any CPU
		{DA4BF624-C310-4D2C-B0D9-F0F864FBEB12}.Release|Any CPU.Build.0 = Release|Any CPU
		{DA4BF624-C310-4D2C-B0D9-F0F864FBEB12}.Release|x64.ActiveCfg = Release|Any CPU
		{DA4BF624-C310-4D2C-B0D9-F0F864FBEB12}.Release|x64.Build.0 = Release|Any CPU
		{DA4BF624-C310-4D2C-B0D9-F0F864FBEB12}.Release|x86.ActiveCfg = Release|Any CPU
		{DA4BF624-C310-4D2C-B0D9-F0F864FBEB12}.Release|x86.Build.0 = Release|Any CPU
		{F3DAABC5-6F1A-4EF5-AEEA-08CE9E1F2425}.Debug|Any CPU.ActiveCfg = Debug|Any CPU
		{F3DAABC5-6F1A-4EF5-AEEA-08CE9E1F2425}.Debug|Any CPU.Build.0 = Debug|Any CPU
		{F3DAABC5-6F1A-4EF5-AEEA-08CE9E1F2425}.Debug|x64.ActiveCfg = Debug|Any CPU
		{F3DAABC5-6F1A-4EF5-AEEA-08CE9E1F2425}.Debug|x64.Build.0 = Debug|Any CPU
		{F3DAABC5-6F1A-4EF5-AEEA-08CE9E1F2425}.Debug|x86.ActiveCfg = Debug|Any CPU
		{F3DAABC5-6F1A-4EF5-AEEA-08CE9E1F2425}.Debug|x86.Build.0 = Debug|Any CPU
		{F3DAABC5-6F1A-4EF5-AEEA-08CE9E1F2425}.Release|Any CPU.ActiveCfg = Release|Any CPU
		{F3DAABC5-6F1A-4EF5-AEEA-08CE9E1F2425}.Release|Any CPU.Build.0 = Release|Any CPU
		{F3DAABC5-6F1A-4EF5-AEEA-08CE9E1F2425}.Release|x64.ActiveCfg = Release|Any CPU
		{F3DAABC5-6F1A-4EF5-AEEA-08CE9E1F2425}.Release|x64.Build.0 = Release|Any CPU
		{F3DAABC5-6F1A-4EF5-AEEA-08CE9E1F2425}.Release|x86.ActiveCfg = Release|Any CPU
		{F3DAABC5-6F1A-4EF5-AEEA-08CE9E1F2425}.Release|x86.Build.0 = Release|Any CPU
		{95085949-F9C0-4174-8B8A-53F55354E25E}.Debug|Any CPU.ActiveCfg = Debug|Any CPU
		{95085949-F9C0-4174-8B8A-53F55354E25E}.Debug|Any CPU.Build.0 = Debug|Any CPU
		{95085949-F9C0-4174-8B8A-53F55354E25E}.Debug|x64.ActiveCfg = Debug|Any CPU
		{95085949-F9C0-4174-8B8A-53F55354E25E}.Debug|x64.Build.0 = Debug|Any CPU
		{95085949-F9C0-4174-8B8A-53F55354E25E}.Debug|x86.ActiveCfg = Debug|Any CPU
		{95085949-F9C0-4174-8B8A-53F55354E25E}.Debug|x86.Build.0 = Debug|Any CPU
		{95085949-F9C0-4174-8B8A-53F55354E25E}.Release|Any CPU.ActiveCfg = Release|Any CPU
		{95085949-F9C0-4174-8B8A-53F55354E25E}.Release|Any CPU.Build.0 = Release|Any CPU
		{95085949-F9C0-4174-8B8A-53F55354E25E}.Release|x64.ActiveCfg = Release|Any CPU
		{95085949-F9C0-4174-8B8A-53F55354E25E}.Release|x64.Build.0 = Release|Any CPU
		{95085949-F9C0-4174-8B8A-53F55354E25E}.Release|x86.ActiveCfg = Release|Any CPU
		{95085949-F9C0-4174-8B8A-53F55354E25E}.Release|x86.Build.0 = Release|Any CPU
	EndGlobalSection
	GlobalSection(SolutionProperties) = preSolution
		HideSolutionNode = FALSE
	EndGlobalSection
EndGlobal
